lockfileVersion: '6.0'

settings:
  autoInstallPeers: true
  excludeLinksFromLockfile: false

dependencies:
  walk-sync:
    specifier: 3.0.0
    version: 3.0.0

packages:

  /@types/minimatch@3.0.5:
    resolution: {integrity: sha512-Klz949h02Gz2uZCMGwDUSDS1YBlTdDDgbWHi+81l29tQALUtvz4rAYi5uoVhE5Lagoq6DeqAUlbrHvW/mXDgdQ==}
    dev: false

  /balanced-match@1.0.2:
    resolution: {integrity: sha512-3oSeUO0TMV67hN1AmbXsK4yaqU7tjiHlbxRDZOpH0KW9+CeX4bRAaX0Anxt0tx2MrpRpWwQaPwIlISEJhYU5Pw==}
    dev: false

  /brace-expansion@1.1.11:
    resolution: {integrity: sha512-iCuPHDFgrHX7H2vEI/5xpz07zSHB00TpugqhmYtVmMO6518mCuRMoOYFldEBl0g187ufozdaHgWKcYFb61qGiA==}
    dependencies:
      balanced-match: 1.0.2
      concat-map: 0.0.1
    dev: false

  /concat-map@0.0.1:
    resolution: {integrity: sha512-/Srv4dswyQNBfohGpz9o6Yb3Gz3SrUDqBH5rTuhGR7ahtlbYKnVxw2bCFMRljaA7EXHaXZ8wsHdodFvbkhKmqg==}
    dev: false

  /ensure-posix-path@1.1.1:
    resolution: {integrity: sha512-VWU0/zXzVbeJNXvME/5EmLuEj2TauvoaTz6aFYK1Z92JCBlDlZ3Gu0tuGR42kpW1754ywTs+QB0g5TP0oj9Zaw==}
    dev: false

  /matcher-collection@2.0.1:
    resolution: {integrity: sha512-daE62nS2ZQsDg9raM0IlZzLmI2u+7ZapXBwdoeBUKAYERPDDIc0qNqA8E0Rp2D+gspKR7BgIFP52GeujaGXWeQ==}
    engines: {node: 6.* || 8.* || >= 10.*}
    dependencies:
      '@types/minimatch': 3.0.5
      minimatch: 3.1.2
    dev: false

  /minimatch@3.1.2:
    resolution: {integrity: sha512-J7p63hRiAjw1NDEww1W7i37+ByIrOWO5XQQAzZ3VOcL0PNybwpfmV/N05zFAzwQ9USyEcX6t3UO+K5aqBQOIHw==}
    dependencies:
      brace-expansion: 1.1.11
    dev: false

  /walk-sync@3.0.0:
    resolution: {integrity: sha512-41TvKmDGVpm2iuH7o+DAOt06yyu/cSHpX3uzAwetzASvlNtVddgIjXIb2DfB/Wa20B1Jo86+1Dv1CraSU7hWdw==}
    engines: {node: 10.* || >= 12.*}
    dependencies:
      '@types/minimatch': 3.0.5
      ensure-posix-path: 1.1.1
      matcher-collection: 2.0.1
      minimatch: 3.1.2
    dev: false
